
Microsoft Visual Studio Solution File, Format Version 12.00
# Visual Studio Version 17
VisualStudioVersion = 17.10.35122.118
MinimumVisualStudioVersion = 10.0.40219.1
Project("{8BC9CEB8-8B4A-11D0-8D11-00A0C91BC942}") = "ConsoleApplication1", "ConsoleApplication1.vcxproj", "{D891FC16-7C98-4A22-BC1E-56499D9F6F3D}"
EndProject
Global
	GlobalSection(SolutionConfigurationPlatforms) = preSolution
		Debug|x64 = Debug|x64
		Debug|x86 = Debug|x86
		Release|x64 = Release|x64
		Release|x86 = Release|x86
	EndGlobalSection
	GlobalSection(ProjectConfigurationPlatforms) = postSolution
		{D891FC16-7C98-4A22-BC1E-56499D9F6F3D}.Debug|x64.ActiveCfg = Debug|x64
		{D891FC16-7C98-4A22-BC1E-56499D9F6F3D}.Debug|x64.Build.0 = Debug|x64
		{D891FC16-7C98-4A22-BC1E-56499D9F6F3D}.Debug|x86.ActiveCfg = Debug|Win32
		{D891FC16-7C98-4A22-BC1E-56499D9F6F3D}.Debug|x86.Build.0 = Debug|Win32
		{D891FC16-7C98-4A22-BC1E-56499D9F6F3D}.Release|x64.ActiveCfg = Release|x64
		{D891FC16-7C98-4A22-BC1E-56499D9F6F3D}.Release|x64.Build.0 = Release|x64
		{D891FC16-7C98-4A22-BC1E-56499D9F6F3D}.Release|x86.ActiveCfg = Release|Win32
		{D891FC16-7C98-4A22-BC1E-56499D9F6F3D}.Release|x86.Build.0 = Release|Win32
	EndGlobalSection
	GlobalSection(SolutionProperties) = preSolution
		HideSolutionNode = FALSE
	EndGlobalSection
	GlobalSection(ExtensibilityGlobals) = postSolution
		SolutionGuid = {6364CC5C-E67F-4331-9686-ADA2C759785E}
	EndGlobalSection
EndGlobal
